// !$*UTF8*$!
{
	archiveVersion = 1;
	classes = {
	};
	objectVersion = 50;
	objects = {

/* Begin PBXBuildFile section */
		9C5B20AC2543FA480016A1F9 /* CardMatcherApp.swift in Sources */ = {isa = PBXBuildFile; fileRef = 9C5B20AB2543FA480016A1F9 /* CardMatcherApp.swift */; };
		9C5B20AE2543FA480016A1F9 /* ContentView.swift in Sources */ = {isa = PBXBuildFile; fileRef = 9C5B20AD2543FA480016A1F9 /* ContentView.swift */; };
		9C5B20B02543FA480016A1F9 /* Assets.xcassets in Resources */ = {isa = PBXBuildFile; fileRef = 9C5B20AF2543FA480016A1F9 /* Assets.xcassets */; };
		9C5B20B32543FA480016A1F9 /* Preview Assets.xcassets in Resources */ = {isa = PBXBuildFile; fileRef = 9C5B20B22543FA480016A1F9 /* Preview Assets.xcassets */; };
		9C5B20BC2543FC100016A1F9 /* Model.swift in Sources */ = {isa = PBXBuildFile; fileRef = 9C5B20BB2543FC100016A1F9 /* Model.swift */; };
		9C5B20C0254401620016A1F9 /* Array+String.swift in Sources */ = {isa = PBXBuildFile; fileRef = 9C5B20BF254401620016A1F9 /* Array+String.swift */; };
		9C5B20C4254401F70016A1F9 /* ViewModel.swift in Sources */ = {isa = PBXBuildFile; fileRef = 9C5B20C3254401F70016A1F9 /* ViewModel.swift */; };
		9CFC753E25442EB80024C98A /* Array+Only.swift in Sources */ = {isa = PBXBuildFile; fileRef = 9CFC753D25442EB80024C98A /* Array+Only.swift */; };
/* End PBXBuildFile section */

/* Begin PBXFileReference section */
		9C5B20A82543FA480016A1F9 /* card-matcher.app */ = {isa = PBXFileReference; explicitFileType = wrapper.application; includeInIndex = 0; path = "card-matcher.app"; sourceTree = BUILT_PRODUCTS_DIR; };
		9C5B20AB2543FA480016A1F9 /* CardMatcherApp.swift */ = {isa = PBXFileReference; lastKnownFileType = sourcecode.swift; path = CardMatcherApp.swift; sourceTree = "<group>"; };
		9C5B20AD2543FA480016A1F9 /* ContentView.swift */ = {isa = PBXFileReference; lastKnownFileType = sourcecode.swift; path = ContentView.swift; sourceTree = "<group>"; };
		9C5B20AF2543FA480016A1F9 /* Assets.xcassets */ = {isa = PBXFileReference; lastKnownFileType = folder.assetcatalog; path = Assets.xcassets; sourceTree = "<group>"; };
		9C5B20B22543FA480016A1F9 /* Preview Assets.xcassets */ = {isa = PBXFileReference; lastKnownFileType = folder.assetcatalog; path = "Preview Assets.xcassets"; sourceTree = "<group>"; };
		9C5B20B42543FA480016A1F9 /* Info.plist */ = {isa = PBXFileReference; lastKnownFileType = text.plist.xml; path = Info.plist; sourceTree = "<group>"; };
		9C5B20BB2543FC100016A1F9 /* Model.swift */ = {isa = PBXFileReference; lastKnownFileType = sourcecode.swift; path = Model.swift; sourceTree = "<group>"; };
		9C5B20BF254401620016A1F9 /* Array+String.swift */ = {isa = PBXFileReference; lastKnownFileType = sourcecode.swift; path = "Array+String.swift"; sourceTree = "<group>"; };
		9C5B20C3254401F70016A1F9 /* ViewModel.swift */ = {isa = PBXFileReference; lastKnownFileType = sourcecode.swift; path = ViewModel.swift; sourceTree = "<group>"; };
		9CFC753D25442EB80024C98A /* Array+Only.swift */ = {isa = PBXFileReference; lastKnownFileType = sourcecode.swift; path = "Array+Only.swift"; sourceTree = "<group>"; };
/* End PBXFileReference section */

/* Begin PBXFrameworksBuildPhase section */
		9C5B20A52543FA480016A1F9 /* Frameworks */ = {
			isa = PBXFrameworksBuildPhase;
			buildActionMask = 2147483647;
			files = (
			);
			runOnlyForDeploymentPostprocessing = 0;
		};
/* End PBXFrameworksBuildPhase section */

/* Begin PBXGroup section */
		9C5B209F2543FA480016A1F9 = {
			isa = PBXGroup;
			children = (
				9C5B20AA2543FA480016A1F9 /* card-matcher */,
				9C5B20A92543FA480016A1F9 /* Products */,
			);
			sourceTree = "<group>";
		};
		9C5B20A92543FA480016A1F9 /* Products */ = {
			isa = PBXGroup;
			children = (
				9C5B20A82543FA480016A1F9 /* card-matcher.app */,
			);
			name = Products;
			sourceTree = "<group>";
		};
		9C5B20AA2543FA480016A1F9 /* card-matcher */ = {
			isa = PBXGroup;
			children = (
				9C5B20AB2543FA480016A1F9 /* CardMatcherApp.swift */,
				9C5B20AD2543FA480016A1F9 /* ContentView.swift */,
				9C5B20AF2543FA480016A1F9 /* Assets.xcassets */,
				9C5B20BF254401620016A1F9 /* Array+String.swift */,
				9C5B20B42543FA480016A1F9 /* Info.plist */,
				9C5B20B12543FA480016A1F9 /* Preview Content */,
				9C5B20BB2543FC100016A1F9 /* Model.swift */,
				9C5B20C3254401F70016A1F9 /* ViewModel.swift */,
				9CFC753D25442EB80024C98A /* Array+Only.swift */,
			);
			path = "card-matcher";
			sourceTree = "<group>";
		};
		9C5B20B12543FA480016A1F9 /* Preview Content */ = {
			isa = PBXGroup;
			children = (
				9C5B20B22543FA480016A1F9 /* Preview Assets.xcassets */,
			);
			path = "Preview Content";
			sourceTree = "<group>";
		};
/* End PBXGroup section */

/* Begin PBXNativeTarget section */
		9C5B20A72543FA480016A1F9 /* card-matcher */ = {
			isa = PBXNativeTarget;
			buildConfigurationList = 9C5B20B72543FA480016A1F9 /* Build configuration list for PBXNativeTarget "card-matcher" */;
			buildPhases = (
				9C5B20A42543FA480016A1F9 /* Sources */,
				9C5B20A52543FA480016A1F9 /* Frameworks */,
				9C5B20A62543FA480016A1F9 /* Resources */,
			);
			buildRules = (
			);
			dependencies = (
			);
			name = "card-matcher";
			productName = "card-matcher";
			productReference = 9C5B20A82543FA480016A1F9 /* card-matcher.app */;
			productType = "com.apple.product-type.application";
		};
/* End PBXNativeTarget section */

/* Begin PBXProject section */
		9C5B20A02543FA480016A1F9 /* Project object */ = {
			isa = PBXProject;
			attributes = {
				LastSwiftUpdateCheck = 1200;
				LastUpgradeCheck = 1200;
				TargetAttributes = {
					9C5B20A72543FA480016A1F9 = {
						CreatedOnToolsVersion = 12.0.1;
					};
				};
			};
			buildConfigurationList = 9C5B20A32543FA480016A1F9 /* Build configuration list for PBXProject "card-matcher" */;
			compatibilityVersion = "Xcode 9.3";
			developmentRegion = en;
			hasScannedForEncodings = 0;
			knownRegions = (
				en,
				Base,
			);
			mainGroup = 9C5B209F2543FA480016A1F9;
			productRefGroup = 9C5B20A92543FA480016A1F9 /* Products */;
			projectDirPath = "";
			projectRoot = "";
			targets = (
				9C5B20A72543FA480016A1F9 /* card-matcher */,
			);
		};
/* End PBXProject section */

/* Begin PBXResourcesBuildPhase section */
		9C5B20A62543FA480016A1F9 /* Resources */ = {
			isa = PBXResourcesBuildPhase;
			buildActionMask = 2147483647;
			files = (
				9C5B20B32543FA480016A1F9 /* Preview Assets.xcassets in Resources */,
				9C5B20B02543FA480016A1F9 /* Assets.xcassets in Resources */,
			);
			runOnlyForDeploymentPostprocessing = 0;
		};
/* End PBXResourcesBuildPhase section */

/* Begin PBXSourcesBuildPhase section */
		9C5B20A42543FA480016A1F9 /* Sources */ = {
			isa = PBXSourcesBuildPhase;
			buildActionMask = 2147483647;
			files = (
				9C5B20C4254401F70016A1F9 /* ViewModel.swift in Sources */,
				9C5B20C0254401620016A1F9 /* Array+String.swift in Sources */,
				9C5B20BC2543FC100016A1F9 /* Model.swift in Sources */,
				9CFC753E25442EB80024C98A /* Array+Only.swift in Sources */,
				9C5B20AE2543FA480016A1F9 /* ContentView.swift in Sources */,
				9C5B20AC2543FA480016A1F9 /* CardMatcherApp.swift in Sources */,
			);
			runOnlyForDeploymentPostprocessing = 0;
		};
/* End PBXSourcesBuildPhase section */

/* Begin XCBuildConfiguration section */
		9C5B20B52543FA480016A1F9 /* Debug */ = {
			isa = XCBuildConfiguration;
			buildSettings = {
				ALWAYS_SEARCH_USER_PATHS = NO;
				CLANG_ANALYZER_NONNULL = YES;
				CLANG_ANALYZER_NUMBER_OBJECT_CONVERSION = YES_AGGRESSIVE;
				CLANG_CXX_LANGUAGE_STANDARD = "gnu++14";
				CLANG_CXX_LIBRARY = "libc++";
				CLANG_ENABLE_MODULES = YES;
				CLANG_ENABLE_OBJC_ARC = YES;
				CLANG_ENABLE_OBJC_WEAK = YES;
				CLANG_WARN_BLOCK_CAPTURE_AUTORELEASING = YES;
				CLANG_WARN_BOOL_CONVERSION = YES;
				CLANG_WARN_COMMA = YES;
				CLANG_WARN_CONSTANT_CONVERSION = YES;
				CLANG_WARN_DEPRECATED_OBJC_IMPLEMENTATIONS = YES;
				CLANG_WARN_DIRECT_OBJC_ISA_USAGE = YES_ERROR;
				CLANG_WARN_DOCUMENTATION_COMMENTS = YES;
				CLANG_WARN_EMPTY_BODY = YES;
				CLANG_WARN_ENUM_CONVERSION = YES;
				CLANG_WARN_INFINITE_RECURSION = YES;
				CLANG_WARN_INT_CONVERSION = YES;
				CLANG_WARN_NON_LITERAL_NULL_CONVERSION = YES;
				CLANG_WARN_OBJC_IMPLICIT_RETAIN_SELF = YES;
				CLANG_WARN_OBJC_LITERAL_CONVERSION = YES;
				CLANG_WARN_OBJC_ROOT_CLASS = YES_ERROR;
				CLANG_WARN_QUOTED_INCLUDE_IN_FRAMEWORK_HEADER = YES;
				CLANG_WARN_RANGE_LOOP_ANALYSIS = YES;
				CLANG_WARN_STRICT_PROTOTYPES = YES;
				CLANG_WARN_SUSPICIOUS_MOVE = YES;
				CLANG_WARN_UNGUARDED_AVAILABILITY = YES_AGGRESSIVE;
				CLANG_WARN_UNREACHABLE_CODE = YES;
				CLANG_WARN__DUPLICATE_METHOD_MATCH = YES;
				COPY_PHASE_STRIP = NO;
				DEBUG_INFORMATION_FORMAT = dwarf;
				ENABLE_STRICT_OBJC_MSGSEND = YES;
				ENABLE_TESTABILITY = YES;
				GCC_C_LANGUAGE_STANDARD = gnu11;
				GCC_DYNAMIC_NO_PIC = NO;
				GCC_NO_COMMON_BLOCKS = YES;
				GCC_OPTIMIZATION_LEVEL = 0;
				GCC_PREPROCESSOR_DEFINITIONS = (
					"DEBUG=1",
					"$(inherited)",
				);
				GCC_WARN_64_TO_32_BIT_CONVERSION = YES;
				GCC_WARN_ABOUT_RETURN_TYPE = YES_ERROR;
				GCC_WARN_UNDECLARED_SELECTOR = YES;
				GCC_WARN_UNINITIALIZED_AUTOS = YES_AGGRESSIVE;
				GCC_WARN_UNUSED_FUNCTION = YES;
				GCC_WARN_UNUSED_VARIABLE = YES;
				IPHONEOS_DEPLOYMENT_TARGET = 14.0;
				MTL_ENABLE_DEBUG_INFO = INCLUDE_SOURCE;
				MTL_FAST_MATH = YES;
				ONLY_ACTIVE_ARCH = YES;
				SDKROOT = iphoneos;
				SWIFT_ACTIVE_COMPILATION_CONDITIONS = DEBUG;
				SWIFT_OPTIMIZATION_LEVEL = "-Onone";
			};
			name = Debug;
		};
		9C5B20B62543FA480016A1F9 /* Release */ = {
			isa = XCBuildConfiguration;
			buildSettings = {
				ALWAYS_SEARCH_USER_PATHS = NO;
				CLANG_ANALYZER_NONNULL = YES;
				CLANG_ANALYZER_NUMBER_OBJECT_CONVERSION = YES_AGGRESSIVE;
				CLANG_CXX_LANGUAGE_STANDARD = "gnu++14";
				CLANG_CXX_LIBRARY = "libc++";
				CLANG_ENABLE_MODULES = YES;
				CLANG_ENABLE_OBJC_ARC = YES;
				CLANG_ENABLE_OBJC_WEAK = YES;
				CLANG_WARN_BLOCK_CAPTURE_AUTORELEASING = YES;
				CLANG_WARN_BOOL_CONVERSION = YES;
				CLANG_WARN_COMMA = YES;
				CLANG_WARN_CONSTANT_CONVERSION = YES;
				CLANG_WARN_DEPRECATED_OBJC_IMPLEMENTATIONS = YES;
				CLANG_WARN_DIRECT_OBJC_ISA_USAGE = YES_ERROR;
				CLANG_WARN_DOCUMENTATION_COMMENTS = YES;
				CLANG_WARN_EMPTY_BODY = YES;
				CLANG_WARN_ENUM_CONVERSION = YES;
				CLANG_WARN_INFINITE_RECURSION = YES;
				CLANG_WARN_INT_CONVERSION = YES;
				CLANG_WARN_NON_LITERAL_NULL_CONVERSION = YES;
				CLANG_WARN_OBJC_IMPLICIT_RETAIN_SELF = YES;
				CLANG_WARN_OBJC_LITERAL_CONVERSION = YES;
				CLANG_WARN_OBJC_ROOT_CLASS = YES_ERROR;
				CLANG_WARN_QUOTED_INCLUDE_IN_FRAMEWORK_HEADER = YES;
				CLANG_WARN_RANGE_LOOP_ANALYSIS = YES;
				CLANG_WARN_STRICT_PROTOTYPES = YES;
				CLANG_WARN_SUSPICIOUS_MOVE = YES;
				CLANG_WARN_UNGUARDED_AVAILABILITY = YES_AGGRESSIVE;
				CLANG_WARN_UNREACHABLE_CODE = YES;
				CLANG_WARN__DUPLICATE_METHOD_MATCH = YES;
				COPY_PHASE_STRIP = NO;
				DEBUG_INFORMATION_FORMAT = "dwarf-with-dsym";
				ENABLE_NS_ASSERTIONS = NO;
				ENABLE_STRICT_OBJC_MSGSEND = YES;
				GCC_C_LANGUAGE_STANDARD = gnu11;
				GCC_NO_COMMON_BLOCKS = YES;
				GCC_WARN_64_TO_32_BIT_CONVERSION = YES;
				GCC_WARN_ABOUT_RETURN_TYPE = YES_ERROR;
				GCC_WARN_UNDECLARED_SELECTOR = YES;
				GCC_WARN_UNINITIALIZED_AUTOS = YES_AGGRESSIVE;
				GCC_WARN_UNUSED_FUNCTION = YES;
				GCC_WARN_UNUSED_VARIABLE = YES;
				IPHONEOS_DEPLOYMENT_TARGET = 14.0;
				MTL_ENABLE_DEBUG_INFO = NO;
				MTL_FAST_MATH = YES;
				SDKROOT = iphoneos;
				SWIFT_COMPILATION_MODE = wholemodule;
				SWIFT_OPTIMIZATION_LEVEL = "-O";
				VALIDATE_PRODUCT = YES;
			};
			name = Release;
		};
		9C5B20B82543FA480016A1F9 /* Debug */ = {
			isa = XCBuildConfiguration;
			buildSettings = {
				ASSETCATALOG_COMPILER_APPICON_NAME = AppIcon;
				ASSETCATALOG_COMPILER_GLOBAL_ACCENT_COLOR_NAME = AccentColor;
				CODE_SIGN_STYLE = Automatic;
				DEVELOPMENT_ASSET_PATHS = "\"card-matcher/Preview Content\"";
				DEVELOPMENT_TEAM = WPDRP9T8K7;
				ENABLE_PREVIEWS = YES;
				INFOPLIST_FILE = "card-matcher/Info.plist";
				IPHONEOS_DEPLOYMENT_TARGET = 14.0;
				LD_RUNPATH_SEARCH_PATHS = (
					"$(inherited)",
					"@executable_path/Frameworks",
				);
				PRODUCT_BUNDLE_IDENTIFIER = "io.migz.dev.card-matcher";
				PRODUCT_NAME = "$(TARGET_NAME)";
				SWIFT_VERSION = 5.0;
				TARGETED_DEVICE_FAMILY = "1,2";
			};
			name = Debug;
		};
		9C5B20B92543FA480016A1F9 /* Release */ = {
			isa = XCBuildConfiguration;
			buildSettings = {
				ASSETCATALOG_COMPILER_APPICON_NAME = AppIcon;
				ASSETCATALOG_COMPILER_GLOBAL_ACCENT_COLOR_NAME = AccentColor;
				CODE_SIGN_STYLE = Automatic;
				DEVELOPMENT_ASSET_PATHS = "\"card-matcher/Preview Content\"";
				DEVELOPMENT_TEAM = WPDRP9T8K7;
				ENABLE_PREVIEWS = YES;
				INFOPLIST_FILE = "card-matcher/Info.plist";
				IPHONEOS_DEPLOYMENT_TARGET = 14.0;
				LD_RUNPATH_SEARCH_PATHS = (
					"$(inherited)",
					"@executable_path/Frameworks",
				);
				PRODUCT_BUNDLE_IDENTIFIER = "io.migz.dev.card-matcher";
				PRODUCT_NAME = "$(TARGET_NAME)";
				SWIFT_VERSION = 5.0;
				TARGETED_DEVICE_FAMILY = "1,2";
			};
			name = Release;
		};
/* End XCBuildConfiguration section */

/* Begin XCConfigurationList section */
		9C5B20A32543FA480016A1F9 /* Build configuration list for PBXProject "card-matcher" */ = {
			isa = XCConfigurationList;
			buildConfigurations = (
				9C5B20B52543FA480016A1F9 /* Debug */,
				9C5B20B62543FA480016A1F9 /* Release */,
			);
			defaultConfigurationIsVisible = 0;
			defaultConfigurationName = Release;
		};
		9C5B20B72543FA480016A1F9 /* Build configuration list for PBXNativeTarget "card-matcher" */ = {
			isa = XCConfigurationList;
			buildConfigurations = (
				9C5B20B82543FA480016A1F9 /* Debug */,
				9C5B20B92543FA480016A1F9 /* Release */,
			);
			defaultConfigurationIsVisible = 0;
			defaultConfigurationName = Release;
		};
/* End XCConfigurationList section */
	};
	rootObject = 9C5B20A02543FA480016A1F9 /* Project object */;
}
